// !$*UTF8*$!
{
	archiveVersion = 1;
	classes = {
	};
	objectVersion = 55;
	objects = {

/* Begin PBXBuildFile section */
		268F6726A345469E0C4C643C /* Pods_RickAndMortyTests.framework in Frameworks */ = {isa = PBXBuildFile; fileRef = 89EFBD7E854FA3AE1B445F75 /* Pods_RickAndMortyTests.framework */; };
		42A991BDEC85316CA397090A /* Pods_RickAndMorty.framework in Frameworks */ = {isa = PBXBuildFile; fileRef = 4C4DC3E84F7F53E56F46C8A0 /* Pods_RickAndMorty.framework */; };
		55FCB7CF51AA3771E947EE55 /* Pods_RickAndMorty_RickAndMortyUITests.framework in Frameworks */ = {isa = PBXBuildFile; fileRef = E0EA1102EDAD8C0E499E1AB9 /* Pods_RickAndMorty_RickAndMortyUITests.framework */; };
		A90C495F283F8972001E004F /* TabBarItemContent.swift in Sources */ = {isa = PBXBuildFile; fileRef = A90C495E283F8972001E004F /* TabBarItemContent.swift */; };
		A90C4961283F8F04001E004F /* TabBarController.swift in Sources */ = {isa = PBXBuildFile; fileRef = A90C4960283F8F04001E004F /* TabBarController.swift */; };
		A90C4963283F9C35001E004F /* TabBarItemView.xib in Resources */ = {isa = PBXBuildFile; fileRef = A90C4962283F9C35001E004F /* TabBarItemView.xib */; };
		A90C4965283F9FF4001E004F /* TabBarItemView.swift in Sources */ = {isa = PBXBuildFile; fileRef = A90C4964283F9FF4001E004F /* TabBarItemView.swift */; };
		A90C49692840C186001E004F /* TabBarItemState.swift in Sources */ = {isa = PBXBuildFile; fileRef = A90C49682840C186001E004F /* TabBarItemState.swift */; };
		A90C496F28411565001E004F /* Character.swift in Sources */ = {isa = PBXBuildFile; fileRef = A90C496E28411564001E004F /* Character.swift */; };
		A90C49712841165D001E004F /* Location.swift in Sources */ = {isa = PBXBuildFile; fileRef = A90C49702841165D001E004F /* Location.swift */; };
		A90C497328411889001E004F /* Episode.swift in Sources */ = {isa = PBXBuildFile; fileRef = A90C497228411889001E004F /* Episode.swift */; };
		A90C497528411A75001E004F /* ResponseInfo.swift in Sources */ = {isa = PBXBuildFile; fileRef = A90C497428411A75001E004F /* ResponseInfo.swift */; };
		A90C497728411AF7001E004F /* Response.swift in Sources */ = {isa = PBXBuildFile; fileRef = A90C497628411AF7001E004F /* Response.swift */; };
		A90C497928412705001E004F /* RickAndMortyAPI.swift in Sources */ = {isa = PBXBuildFile; fileRef = A90C497828412705001E004F /* RickAndMortyAPI.swift */; };
		A90C497B284138F3001E004F /* CharacterRequestSettings.swift in Sources */ = {isa = PBXBuildFile; fileRef = A90C497A284138F3001E004F /* CharacterRequestSettings.swift */; };
		A90C497D284139AE001E004F /* LocationRequestSettings.swift in Sources */ = {isa = PBXBuildFile; fileRef = A90C497C284139AE001E004F /* LocationRequestSettings.swift */; };
		A90C497F28413A11001E004F /* EpisodeRequestSettings.swift in Sources */ = {isa = PBXBuildFile; fileRef = A90C497E28413A11001E004F /* EpisodeRequestSettings.swift */; };
		A90C49812842408D001E004F /* RequestSettings.swift in Sources */ = {isa = PBXBuildFile; fileRef = A90C49802842408D001E004F /* RequestSettings.swift */; };
		A90C4984284253BD001E004F /* RickAndMortyService.swift in Sources */ = {isa = PBXBuildFile; fileRef = A90C4983284253BD001E004F /* RickAndMortyService.swift */; };
		A90C498728426338001E004F /* CharacterCell.swift in Sources */ = {isa = PBXBuildFile; fileRef = A90C498628426338001E004F /* CharacterCell.swift */; };
		A90C498928426349001E004F /* LocationCell.swift in Sources */ = {isa = PBXBuildFile; fileRef = A90C498828426349001E004F /* LocationCell.swift */; };
		A90C498B28426366001E004F /* EpisodeCell.swift in Sources */ = {isa = PBXBuildFile; fileRef = A90C498A28426366001E004F /* EpisodeCell.swift */; };
		A90C498D284263A9001E004F /* CharacterCell.xib in Resources */ = {isa = PBXBuildFile; fileRef = A90C498C284263A9001E004F /* CharacterCell.xib */; };
		A90C498F284263D3001E004F /* EpisodeCell.xib in Resources */ = {isa = PBXBuildFile; fileRef = A90C498E284263D3001E004F /* EpisodeCell.xib */; };
		A90C4991284263EC001E004F /* LocationCell.xib in Resources */ = {isa = PBXBuildFile; fileRef = A90C4990284263EC001E004F /* LocationCell.xib */; };
		A90C4993284267B3001E004F /* LifeStatusIndicator.swift in Sources */ = {isa = PBXBuildFile; fileRef = A90C4992284267B3001E004F /* LifeStatusIndicator.swift */; };
		A91E62442844B15D00638DC8 /* MenuViewController.storyboard in Resources */ = {isa = PBXBuildFile; fileRef = A91E62432844B15D00638DC8 /* MenuViewController.storyboard */; };
		A91E62482844D9A600638DC8 /* font.ttf in Resources */ = {isa = PBXBuildFile; fileRef = A91E62472844D9A100638DC8 /* font.ttf */; };
		A91E624B2844E8A300638DC8 /* UIColor+Extensions.swift in Sources */ = {isa = PBXBuildFile; fileRef = A91E624A2844E8A300638DC8 /* UIColor+Extensions.swift */; };
		A91E62512844EEC000638DC8 /* EntityListViewController.swift in Sources */ = {isa = PBXBuildFile; fileRef = A91E624F2844EEC000638DC8 /* EntityListViewController.swift */; };
		A91E62542844EEE800638DC8 /* EntityListViewController.storyboard in Resources */ = {isa = PBXBuildFile; fileRef = A91E62532844EEE800638DC8 /* EntityListViewController.storyboard */; };
		A91E62562844EF1900638DC8 /* EntityListViewModel.swift in Sources */ = {isa = PBXBuildFile; fileRef = A91E62552844EF1900638DC8 /* EntityListViewModel.swift */; };
		A91E62682844F9A500638DC8 /* EntityListCoordinator.swift in Sources */ = {isa = PBXBuildFile; fileRef = A91E62672844F9A500638DC8 /* EntityListCoordinator.swift */; };
		A94793E7283E6CFB0093DB35 /* AppAssembly.swift in Sources */ = {isa = PBXBuildFile; fileRef = A94793E6283E6CFB0093DB35 /* AppAssembly.swift */; };
		A94793EA283E738E0093DB35 /* MenuCoordinator.swift in Sources */ = {isa = PBXBuildFile; fileRef = A94793E9283E738E0093DB35 /* MenuCoordinator.swift */; };
		A94793EC283E73C70093DB35 /* MenuViewModel.swift in Sources */ = {isa = PBXBuildFile; fileRef = A94793EB283E73C70093DB35 /* MenuViewModel.swift */; };
		A94793EE283E741F0093DB35 /* MenuAssembly.swift in Sources */ = {isa = PBXBuildFile; fileRef = A94793ED283E741F0093DB35 /* MenuAssembly.swift */; };
		A94793F1283E78F80093DB35 /* Storyboarded.swift in Sources */ = {isa = PBXBuildFile; fileRef = A94793F0283E78F80093DB35 /* Storyboarded.swift */; };
		A9E5C269283E0B2300842AF7 /* AppDelegate.swift in Sources */ = {isa = PBXBuildFile; fileRef = A9E5C268283E0B2300842AF7 /* AppDelegate.swift */; };
		A9E5C26B283E0B2300842AF7 /* SceneDelegate.swift in Sources */ = {isa = PBXBuildFile; fileRef = A9E5C26A283E0B2300842AF7 /* SceneDelegate.swift */; };
		A9E5C26D283E0B2300842AF7 /* MenuViewController.swift in Sources */ = {isa = PBXBuildFile; fileRef = A9E5C26C283E0B2300842AF7 /* MenuViewController.swift */; };
		A9E5C272283E0B2C00842AF7 /* Assets.xcassets in Resources */ = {isa = PBXBuildFile; fileRef = A9E5C271283E0B2C00842AF7 /* Assets.xcassets */; };
		A9E5C275283E0B2C00842AF7 /* LaunchScreen.storyboard in Resources */ = {isa = PBXBuildFile; fileRef = A9E5C273283E0B2C00842AF7 /* LaunchScreen.storyboard */; };
		A9E5C280283E0B2D00842AF7 /* RickAndMortyTests.swift in Sources */ = {isa = PBXBuildFile; fileRef = A9E5C27F283E0B2D00842AF7 /* RickAndMortyTests.swift */; };
		A9E5C28A283E0B2D00842AF7 /* RickAndMortyUITests.swift in Sources */ = {isa = PBXBuildFile; fileRef = A9E5C289283E0B2D00842AF7 /* RickAndMortyUITests.swift */; };
		A9E5C28C283E0B2D00842AF7 /* RickAndMortyUITestsLaunchTests.swift in Sources */ = {isa = PBXBuildFile; fileRef = A9E5C28B283E0B2D00842AF7 /* RickAndMortyUITestsLaunchTests.swift */; };
		A9E5C29E283E4CC200842AF7 /* Coordinator.swift in Sources */ = {isa = PBXBuildFile; fileRef = A9E5C29D283E4CC200842AF7 /* Coordinator.swift */; };
		A9E5C2A0283E4D8100842AF7 /* BaseCoordinator.swift in Sources */ = {isa = PBXBuildFile; fileRef = A9E5C29F283E4D8100842AF7 /* BaseCoordinator.swift */; };
		A9E5C2A3283E5AE600842AF7 /* AppCoordinator.swift in Sources */ = {isa = PBXBuildFile; fileRef = A9E5C2A2283E5AE600842AF7 /* AppCoordinator.swift */; };
		A9E5C2A6283E601000842AF7 /* DIContainer.swift in Sources */ = {isa = PBXBuildFile; fileRef = A9E5C2A5283E601000842AF7 /* DIContainer.swift */; };
/* End PBXBuildFile section */

/* Begin PBXContainerItemProxy section */
		A9E5C27C283E0B2C00842AF7 /* PBXContainerItemProxy */ = {
			isa = PBXContainerItemProxy;
			containerPortal = A9E5C25D283E0B2300842AF7 /* Project object */;
			proxyType = 1;
			remoteGlobalIDString = A9E5C264283E0B2300842AF7;
			remoteInfo = RickAndMorty;
		};
		A9E5C286283E0B2D00842AF7 /* PBXContainerItemProxy */ = {
			isa = PBXContainerItemProxy;
			containerPortal = A9E5C25D283E0B2300842AF7 /* Project object */;
			proxyType = 1;
			remoteGlobalIDString = A9E5C264283E0B2300842AF7;
			remoteInfo = RickAndMorty;
		};
/* End PBXContainerItemProxy section */

/* Begin PBXFileReference section */
		1747EB8FF415F9EA3C6EA08F /* Pods-RickAndMortyTests.debug.xcconfig */ = {isa = PBXFileReference; includeInIndex = 1; lastKnownFileType = text.xcconfig; name = "Pods-RickAndMortyTests.debug.xcconfig"; path = "Target Support Files/Pods-RickAndMortyTests/Pods-RickAndMortyTests.debug.xcconfig"; sourceTree = "<group>"; };
		3C633BB2DD9ED6B4BCE3D49F /* Pods-RickAndMortyTests.release.xcconfig */ = {isa = PBXFileReference; includeInIndex = 1; lastKnownFileType = text.xcconfig; name = "Pods-RickAndMortyTests.release.xcconfig"; path = "Target Support Files/Pods-RickAndMortyTests/Pods-RickAndMortyTests.release.xcconfig"; sourceTree = "<group>"; };
		4C4DC3E84F7F53E56F46C8A0 /* Pods_RickAndMorty.framework */ = {isa = PBXFileReference; explicitFileType = wrapper.framework; includeInIndex = 0; path = Pods_RickAndMorty.framework; sourceTree = BUILT_PRODUCTS_DIR; };
		64F9054D04125AEB57AA3294 /* Pods-RickAndMorty.debug.xcconfig */ = {isa = PBXFileReference; includeInIndex = 1; lastKnownFileType = text.xcconfig; name = "Pods-RickAndMorty.debug.xcconfig"; path = "Target Support Files/Pods-RickAndMorty/Pods-RickAndMorty.debug.xcconfig"; sourceTree = "<group>"; };
		7B0B490B7F3C755F2834A549 /* Pods-RickAndMorty-RickAndMortyUITests.debug.xcconfig */ = {isa = PBXFileReference; includeInIndex = 1; lastKnownFileType = text.xcconfig; name = "Pods-RickAndMorty-RickAndMortyUITests.debug.xcconfig"; path = "Target Support Files/Pods-RickAndMorty-RickAndMortyUITests/Pods-RickAndMorty-RickAndMortyUITests.debug.xcconfig"; sourceTree = "<group>"; };
		89EFBD7E854FA3AE1B445F75 /* Pods_RickAndMortyTests.framework */ = {isa = PBXFileReference; explicitFileType = wrapper.framework; includeInIndex = 0; path = Pods_RickAndMortyTests.framework; sourceTree = BUILT_PRODUCTS_DIR; };
		A90C495E283F8972001E004F /* TabBarItemContent.swift */ = {isa = PBXFileReference; lastKnownFileType = sourcecode.swift; path = TabBarItemContent.swift; sourceTree = "<group>"; };
		A90C4960283F8F04001E004F /* TabBarController.swift */ = {isa = PBXFileReference; lastKnownFileType = sourcecode.swift; path = TabBarController.swift; sourceTree = "<group>"; };
		A90C4962283F9C35001E004F /* TabBarItemView.xib */ = {isa = PBXFileReference; lastKnownFileType = file.xib; path = TabBarItemView.xib; sourceTree = "<group>"; };
		A90C4964283F9FF4001E004F /* TabBarItemView.swift */ = {isa = PBXFileReference; lastKnownFileType = sourcecode.swift; path = TabBarItemView.swift; sourceTree = "<group>"; };
		A90C49682840C186001E004F /* TabBarItemState.swift */ = {isa = PBXFileReference; lastKnownFileType = sourcecode.swift; path = TabBarItemState.swift; sourceTree = "<group>"; };
		A90C496E28411564001E004F /* Character.swift */ = {isa = PBXFileReference; lastKnownFileType = sourcecode.swift; path = Character.swift; sourceTree = "<group>"; };
		A90C49702841165D001E004F /* Location.swift */ = {isa = PBXFileReference; lastKnownFileType = sourcecode.swift; path = Location.swift; sourceTree = "<group>"; };
		A90C497228411889001E004F /* Episode.swift */ = {isa = PBXFileReference; lastKnownFileType = sourcecode.swift; path = Episode.swift; sourceTree = "<group>"; };
		A90C497428411A75001E004F /* ResponseInfo.swift */ = {isa = PBXFileReference; lastKnownFileType = sourcecode.swift; path = ResponseInfo.swift; sourceTree = "<group>"; };
		A90C497628411AF7001E004F /* Response.swift */ = {isa = PBXFileReference; lastKnownFileType = sourcecode.swift; path = Response.swift; sourceTree = "<group>"; };
		A90C497828412705001E004F /* RickAndMortyAPI.swift */ = {isa = PBXFileReference; lastKnownFileType = sourcecode.swift; path = RickAndMortyAPI.swift; sourceTree = "<group>"; };
		A90C497A284138F3001E004F /* CharacterRequestSettings.swift */ = {isa = PBXFileReference; lastKnownFileType = sourcecode.swift; path = CharacterRequestSettings.swift; sourceTree = "<group>"; };
		A90C497C284139AE001E004F /* LocationRequestSettings.swift */ = {isa = PBXFileReference; lastKnownFileType = sourcecode.swift; path = LocationRequestSettings.swift; sourceTree = "<group>"; };
		A90C497E28413A11001E004F /* EpisodeRequestSettings.swift */ = {isa = PBXFileReference; lastKnownFileType = sourcecode.swift; path = EpisodeRequestSettings.swift; sourceTree = "<group>"; };
		A90C49802842408D001E004F /* RequestSettings.swift */ = {isa = PBXFileReference; lastKnownFileType = sourcecode.swift; path = RequestSettings.swift; sourceTree = "<group>"; };
		A90C4983284253BD001E004F /* RickAndMortyService.swift */ = {isa = PBXFileReference; lastKnownFileType = sourcecode.swift; path = RickAndMortyService.swift; sourceTree = "<group>"; };
		A90C498628426338001E004F /* CharacterCell.swift */ = {isa = PBXFileReference; lastKnownFileType = sourcecode.swift; path = CharacterCell.swift; sourceTree = "<group>"; };
		A90C498828426349001E004F /* LocationCell.swift */ = {isa = PBXFileReference; lastKnownFileType = sourcecode.swift; path = LocationCell.swift; sourceTree = "<group>"; };
		A90C498A28426366001E004F /* EpisodeCell.swift */ = {isa = PBXFileReference; lastKnownFileType = sourcecode.swift; path = EpisodeCell.swift; sourceTree = "<group>"; };
		A90C498C284263A9001E004F /* CharacterCell.xib */ = {isa = PBXFileReference; lastKnownFileType = file.xib; path = CharacterCell.xib; sourceTree = "<group>"; };
		A90C498E284263D3001E004F /* EpisodeCell.xib */ = {isa = PBXFileReference; lastKnownFileType = file.xib; path = EpisodeCell.xib; sourceTree = "<group>"; };
		A90C4990284263EC001E004F /* LocationCell.xib */ = {isa = PBXFileReference; lastKnownFileType = file.xib; path = LocationCell.xib; sourceTree = "<group>"; };
		A90C4992284267B3001E004F /* LifeStatusIndicator.swift */ = {isa = PBXFileReference; lastKnownFileType = sourcecode.swift; path = LifeStatusIndicator.swift; sourceTree = "<group>"; };
		A91E62432844B15D00638DC8 /* MenuViewController.storyboard */ = {isa = PBXFileReference; lastKnownFileType = file.storyboard; path = MenuViewController.storyboard; sourceTree = "<group>"; };
		A91E62472844D9A100638DC8 /* font.ttf */ = {isa = PBXFileReference; lastKnownFileType = file; path = font.ttf; sourceTree = "<group>"; };
		A91E624A2844E8A300638DC8 /* UIColor+Extensions.swift */ = {isa = PBXFileReference; lastKnownFileType = sourcecode.swift; path = "UIColor+Extensions.swift"; sourceTree = "<group>"; };
		A91E624F2844EEC000638DC8 /* EntityListViewController.swift */ = {isa = PBXFileReference; lastKnownFileType = sourcecode.swift; path = EntityListViewController.swift; sourceTree = "<group>"; };
		A91E62532844EEE800638DC8 /* EntityListViewController.storyboard */ = {isa = PBXFileReference; lastKnownFileType = file.storyboard; path = EntityListViewController.storyboard; sourceTree = "<group>"; };
		A91E62552844EF1900638DC8 /* EntityListViewModel.swift */ = {isa = PBXFileReference; lastKnownFileType = sourcecode.swift; path = EntityListViewModel.swift; sourceTree = "<group>"; };
		A91E62672844F9A500638DC8 /* EntityListCoordinator.swift */ = {isa = PBXFileReference; lastKnownFileType = sourcecode.swift; path = EntityListCoordinator.swift; sourceTree = "<group>"; };
		A94793E6283E6CFB0093DB35 /* AppAssembly.swift */ = {isa = PBXFileReference; lastKnownFileType = sourcecode.swift; path = AppAssembly.swift; sourceTree = "<group>"; };
		A94793E9283E738E0093DB35 /* MenuCoordinator.swift */ = {isa = PBXFileReference; lastKnownFileType = sourcecode.swift; path = MenuCoordinator.swift; sourceTree = "<group>"; };
		A94793EB283E73C70093DB35 /* MenuViewModel.swift */ = {isa = PBXFileReference; lastKnownFileType = sourcecode.swift; path = MenuViewModel.swift; sourceTree = "<group>"; };
		A94793ED283E741F0093DB35 /* MenuAssembly.swift */ = {isa = PBXFileReference; lastKnownFileType = sourcecode.swift; path = MenuAssembly.swift; sourceTree = "<group>"; };
		A94793F0283E78F80093DB35 /* Storyboarded.swift */ = {isa = PBXFileReference; lastKnownFileType = sourcecode.swift; path = Storyboarded.swift; sourceTree = "<group>"; };
		A9E5C265283E0B2300842AF7 /* RickAndMorty.app */ = {isa = PBXFileReference; explicitFileType = wrapper.application; includeInIndex = 0; path = RickAndMorty.app; sourceTree = BUILT_PRODUCTS_DIR; };
		A9E5C268283E0B2300842AF7 /* AppDelegate.swift */ = {isa = PBXFileReference; lastKnownFileType = sourcecode.swift; path = AppDelegate.swift; sourceTree = "<group>"; };
		A9E5C26A283E0B2300842AF7 /* SceneDelegate.swift */ = {isa = PBXFileReference; lastKnownFileType = sourcecode.swift; path = SceneDelegate.swift; sourceTree = "<group>"; };
		A9E5C26C283E0B2300842AF7 /* MenuViewController.swift */ = {isa = PBXFileReference; lastKnownFileType = sourcecode.swift; path = MenuViewController.swift; sourceTree = "<group>"; };
		A9E5C271283E0B2C00842AF7 /* Assets.xcassets */ = {isa = PBXFileReference; lastKnownFileType = folder.assetcatalog; path = Assets.xcassets; sourceTree = "<group>"; };
		A9E5C274283E0B2C00842AF7 /* Base */ = {isa = PBXFileReference; lastKnownFileType = file.storyboard; name = Base; path = Base.lproj/LaunchScreen.storyboard; sourceTree = "<group>"; };
		A9E5C276283E0B2C00842AF7 /* Info.plist */ = {isa = PBXFileReference; lastKnownFileType = text.plist.xml; path = Info.plist; sourceTree = "<group>"; };
		A9E5C27B283E0B2C00842AF7 /* RickAndMortyTests.xctest */ = {isa = PBXFileReference; explicitFileType = wrapper.cfbundle; includeInIndex = 0; path = RickAndMortyTests.xctest; sourceTree = BUILT_PRODUCTS_DIR; };
		A9E5C27F283E0B2D00842AF7 /* RickAndMortyTests.swift */ = {isa = PBXFileReference; lastKnownFileType = sourcecode.swift; path = RickAndMortyTests.swift; sourceTree = "<group>"; };
		A9E5C285283E0B2D00842AF7 /* RickAndMortyUITests.xctest */ = {isa = PBXFileReference; explicitFileType = wrapper.cfbundle; includeInIndex = 0; path = RickAndMortyUITests.xctest; sourceTree = BUILT_PRODUCTS_DIR; };
		A9E5C289283E0B2D00842AF7 /* RickAndMortyUITests.swift */ = {isa = PBXFileReference; lastKnownFileType = sourcecode.swift; path = RickAndMortyUITests.swift; sourceTree = "<group>"; };
		A9E5C28B283E0B2D00842AF7 /* RickAndMortyUITestsLaunchTests.swift */ = {isa = PBXFileReference; lastKnownFileType = sourcecode.swift; path = RickAndMortyUITestsLaunchTests.swift; sourceTree = "<group>"; };
		A9E5C29D283E4CC200842AF7 /* Coordinator.swift */ = {isa = PBXFileReference; lastKnownFileType = sourcecode.swift; path = Coordinator.swift; sourceTree = "<group>"; };
		A9E5C29F283E4D8100842AF7 /* BaseCoordinator.swift */ = {isa = PBXFileReference; lastKnownFileType = sourcecode.swift; path = BaseCoordinator.swift; sourceTree = "<group>"; };
		A9E5C2A2283E5AE600842AF7 /* AppCoordinator.swift */ = {isa = PBXFileReference; lastKnownFileType = sourcecode.swift; path = AppCoordinator.swift; sourceTree = "<group>"; };
		A9E5C2A5283E601000842AF7 /* DIContainer.swift */ = {isa = PBXFileReference; lastKnownFileType = sourcecode.swift; path = DIContainer.swift; sourceTree = "<group>"; };
		B1943AA7A0645F0BD351F1FE /* Pods-RickAndMorty.release.xcconfig */ = {isa = PBXFileReference; includeInIndex = 1; lastKnownFileType = text.xcconfig; name = "Pods-RickAndMorty.release.xcconfig"; path = "Target Support Files/Pods-RickAndMorty/Pods-RickAndMorty.release.xcconfig"; sourceTree = "<group>"; };
		E0EA1102EDAD8C0E499E1AB9 /* Pods_RickAndMorty_RickAndMortyUITests.framework */ = {isa = PBXFileReference; explicitFileType = wrapper.framework; includeInIndex = 0; path = Pods_RickAndMorty_RickAndMortyUITests.framework; sourceTree = BUILT_PRODUCTS_DIR; };
		E86C82A3FFEF3E9CDF736F07 /* Pods-RickAndMorty-RickAndMortyUITests.release.xcconfig */ = {isa = PBXFileReference; includeInIndex = 1; lastKnownFileType = text.xcconfig; name = "Pods-RickAndMorty-RickAndMortyUITests.release.xcconfig"; path = "Target Support Files/Pods-RickAndMorty-RickAndMortyUITests/Pods-RickAndMorty-RickAndMortyUITests.release.xcconfig"; sourceTree = "<group>"; };
/* End PBXFileReference section */

/* Begin PBXFrameworksBuildPhase section */
		A9E5C262283E0B2300842AF7 /* Frameworks */ = {
			isa = PBXFrameworksBuildPhase;
			buildActionMask = 2147483647;
			files = (
				42A991BDEC85316CA397090A /* Pods_RickAndMorty.framework in Frameworks */,
			);
			runOnlyForDeploymentPostprocessing = 0;
		};
		A9E5C278283E0B2C00842AF7 /* Frameworks */ = {
			isa = PBXFrameworksBuildPhase;
			buildActionMask = 2147483647;
			files = (
				268F6726A345469E0C4C643C /* Pods_RickAndMortyTests.framework in Frameworks */,
			);
			runOnlyForDeploymentPostprocessing = 0;
		};
		A9E5C282283E0B2D00842AF7 /* Frameworks */ = {
			isa = PBXFrameworksBuildPhase;
			buildActionMask = 2147483647;
			files = (
				55FCB7CF51AA3771E947EE55 /* Pods_RickAndMorty_RickAndMortyUITests.framework in Frameworks */,
			);
			runOnlyForDeploymentPostprocessing = 0;
		};
/* End PBXFrameworksBuildPhase section */

/* Begin PBXGroup section */
		8D54FB3C215374D0A9FB041B /* Pods */ = {
			isa = PBXGroup;
			children = (
				64F9054D04125AEB57AA3294 /* Pods-RickAndMorty.debug.xcconfig */,
				B1943AA7A0645F0BD351F1FE /* Pods-RickAndMorty.release.xcconfig */,
				7B0B490B7F3C755F2834A549 /* Pods-RickAndMorty-RickAndMortyUITests.debug.xcconfig */,
				E86C82A3FFEF3E9CDF736F07 /* Pods-RickAndMorty-RickAndMortyUITests.release.xcconfig */,
				1747EB8FF415F9EA3C6EA08F /* Pods-RickAndMortyTests.debug.xcconfig */,
				3C633BB2DD9ED6B4BCE3D49F /* Pods-RickAndMortyTests.release.xcconfig */,
			);
			path = Pods;
			sourceTree = "<group>";
		};
		A90C495C283F8926001E004F /* UIComponents */ = {
			isa = PBXGroup;
			children = (
				A90C4985284262DA001E004F /* CollectionCells */,
				A90C495D283F893A001E004F /* TabBar */,
				A90C4992284267B3001E004F /* LifeStatusIndicator.swift */,
			);
			path = UIComponents;
			sourceTree = "<group>";
		};
		A90C495D283F893A001E004F /* TabBar */ = {
			isa = PBXGroup;
			children = (
				A90C495E283F8972001E004F /* TabBarItemContent.swift */,
				A90C4960283F8F04001E004F /* TabBarController.swift */,
				A90C4962283F9C35001E004F /* TabBarItemView.xib */,
				A90C4964283F9FF4001E004F /* TabBarItemView.swift */,
				A90C49682840C186001E004F /* TabBarItemState.swift */,
			);
			path = TabBar;
			sourceTree = "<group>";
		};
		A90C496C284114A1001E004F /* Network */ = {
			isa = PBXGroup;
			children = (
				A90C498228424B88001E004F /* RequestSettings */,
				A90C496D2841150E001E004F /* Entity */,
				A90C497828412705001E004F /* RickAndMortyAPI.swift */,
				A90C4983284253BD001E004F /* RickAndMortyService.swift */,
			);
			path = Network;
			sourceTree = "<group>";
		};
		A90C496D2841150E001E004F /* Entity */ = {
			isa = PBXGroup;
			children = (
				A90C496E28411564001E004F /* Character.swift */,
				A90C49702841165D001E004F /* Location.swift */,
				A90C497228411889001E004F /* Episode.swift */,
				A90C497428411A75001E004F /* ResponseInfo.swift */,
				A90C497628411AF7001E004F /* Response.swift */,
			);
			path = Entity;
			sourceTree = "<group>";
		};
		A90C498228424B88001E004F /* RequestSettings */ = {
			isa = PBXGroup;
			children = (
				A90C497A284138F3001E004F /* CharacterRequestSettings.swift */,
				A90C497C284139AE001E004F /* LocationRequestSettings.swift */,
				A90C497E28413A11001E004F /* EpisodeRequestSettings.swift */,
				A90C49802842408D001E004F /* RequestSettings.swift */,
			);
			path = RequestSettings;
			sourceTree = "<group>";
		};
		A90C4985284262DA001E004F /* CollectionCells */ = {
			isa = PBXGroup;
			children = (
				A90C498628426338001E004F /* CharacterCell.swift */,
				A90C498C284263A9001E004F /* CharacterCell.xib */,
				A90C498828426349001E004F /* LocationCell.swift */,
				A90C4990284263EC001E004F /* LocationCell.xib */,
				A90C498A28426366001E004F /* EpisodeCell.swift */,
				A90C498E284263D3001E004F /* EpisodeCell.xib */,
			);
			path = CollectionCells;
			sourceTree = "<group>";
		};
		A91E62492844E88300638DC8 /* Extensions */ = {
			isa = PBXGroup;
			children = (
				A91E624A2844E8A300638DC8 /* UIColor+Extensions.swift */,
			);
			path = Extensions;
			sourceTree = "<group>";
		};
		A91E624C2844EE0500638DC8 /* EntityList */ = {
			isa = PBXGroup;
			children = (
				A91E624F2844EEC000638DC8 /* EntityListViewController.swift */,
				A91E62532844EEE800638DC8 /* EntityListViewController.storyboard */,
				A91E62552844EF1900638DC8 /* EntityListViewModel.swift */,
				A91E62672844F9A500638DC8 /* EntityListCoordinator.swift */,
			);
			path = EntityList;
			sourceTree = "<group>";
		};
		A94793E5283E6A620093DB35 /* Assemblies */ = {
			isa = PBXGroup;
			children = (
				A94793E6283E6CFB0093DB35 /* AppAssembly.swift */,
				A94793ED283E741F0093DB35 /* MenuAssembly.swift */,
			);
			path = Assemblies;
			sourceTree = "<group>";
		};
		A94793E8283E73480093DB35 /* Menu */ = {
			isa = PBXGroup;
			children = (
				A91E62432844B15D00638DC8 /* MenuViewController.storyboard */,
				A9E5C26C283E0B2300842AF7 /* MenuViewController.swift */,
				A94793E9283E738E0093DB35 /* MenuCoordinator.swift */,
				A94793EB283E73C70093DB35 /* MenuViewModel.swift */,
			);
			path = Menu;
			sourceTree = "<group>";
		};
		A94793EF283E78DD0093DB35 /* Utils */ = {
			isa = PBXGroup;
			children = (
				A94793F0283E78F80093DB35 /* Storyboarded.swift */,
			);
			path = Utils;
			sourceTree = "<group>";
		};
		A9E5C25C283E0B2300842AF7 = {
			isa = PBXGroup;
			children = (
				A9E5C267283E0B2300842AF7 /* RickAndMorty */,
				A9E5C27E283E0B2D00842AF7 /* RickAndMortyTests */,
				A9E5C288283E0B2D00842AF7 /* RickAndMortyUITests */,
				A9E5C266283E0B2300842AF7 /* Products */,
				8D54FB3C215374D0A9FB041B /* Pods */,
				FDB4E09857FB617943FC9516 /* Frameworks */,
			);
			sourceTree = "<group>";
		};
		A9E5C266283E0B2300842AF7 /* Products */ = {
			isa = PBXGroup;
			children = (
				A9E5C265283E0B2300842AF7 /* RickAndMorty.app */,
				A9E5C27B283E0B2C00842AF7 /* RickAndMortyTests.xctest */,
				A9E5C285283E0B2D00842AF7 /* RickAndMortyUITests.xctest */,
			);
			name = Products;
			sourceTree = "<group>";
		};
		A9E5C267283E0B2300842AF7 /* RickAndMorty */ = {
			isa = PBXGroup;
			children = (
				A91E62492844E88300638DC8 /* Extensions */,
				A90C496C284114A1001E004F /* Network */,
				A90C495C283F8926001E004F /* UIComponents */,
				A94793EF283E78DD0093DB35 /* Utils */,
				A9E5C2A4283E5FE200842AF7 /* DependencyInjection */,
				A9E5C29C283E4C9B00842AF7 /* Base */,
				A9E5C29B283E498900842AF7 /* Scenes */,
				A9E5C29A283E46C100842AF7 /* Drawable */,
				A9E5C299283E46B600842AF7 /* App */,
			);
			path = RickAndMorty;
			sourceTree = "<group>";
		};
		A9E5C27E283E0B2D00842AF7 /* RickAndMortyTests */ = {
			isa = PBXGroup;
			children = (
				A9E5C27F283E0B2D00842AF7 /* RickAndMortyTests.swift */,
			);
			path = RickAndMortyTests;
			sourceTree = "<group>";
		};
		A9E5C288283E0B2D00842AF7 /* RickAndMortyUITests */ = {
			isa = PBXGroup;
			children = (
				A9E5C289283E0B2D00842AF7 /* RickAndMortyUITests.swift */,
				A9E5C28B283E0B2D00842AF7 /* RickAndMortyUITestsLaunchTests.swift */,
			);
			path = RickAndMortyUITests;
			sourceTree = "<group>";
		};
		A9E5C299283E46B600842AF7 /* App */ = {
			isa = PBXGroup;
			children = (
				A9E5C276283E0B2C00842AF7 /* Info.plist */,
				A9E5C26A283E0B2300842AF7 /* SceneDelegate.swift */,
				A9E5C268283E0B2300842AF7 /* AppDelegate.swift */,
				A9E5C2A2283E5AE600842AF7 /* AppCoordinator.swift */,
			);
			path = App;
			sourceTree = "<group>";
		};
		A9E5C29A283E46C100842AF7 /* Drawable */ = {
			isa = PBXGroup;
			children = (
				A91E62472844D9A100638DC8 /* font.ttf */,
				A9E5C273283E0B2C00842AF7 /* LaunchScreen.storyboard */,
				A9E5C271283E0B2C00842AF7 /* Assets.xcassets */,
			);
			path = Drawable;
			sourceTree = "<group>";
		};
		A9E5C29B283E498900842AF7 /* Scenes */ = {
			isa = PBXGroup;
			children = (
				A91E624C2844EE0500638DC8 /* EntityList */,
				A94793E8283E73480093DB35 /* Menu */,
			);
			path = Scenes;
			sourceTree = "<group>";
		};
		A9E5C29C283E4C9B00842AF7 /* Base */ = {
			isa = PBXGroup;
			children = (
				A9E5C2A1283E596900842AF7 /* Coordinator */,
			);
			path = Base;
			sourceTree = "<group>";
		};
		A9E5C2A1283E596900842AF7 /* Coordinator */ = {
			isa = PBXGroup;
			children = (
				A9E5C29D283E4CC200842AF7 /* Coordinator.swift */,
				A9E5C29F283E4D8100842AF7 /* BaseCoordinator.swift */,
			);
			path = Coordinator;
			sourceTree = "<group>";
		};
		A9E5C2A4283E5FE200842AF7 /* DependencyInjection */ = {
			isa = PBXGroup;
			children = (
				A94793E5283E6A620093DB35 /* Assemblies */,
				A9E5C2A5283E601000842AF7 /* DIContainer.swift */,
			);
			path = DependencyInjection;
			sourceTree = "<group>";
		};
		FDB4E09857FB617943FC9516 /* Frameworks */ = {
			isa = PBXGroup;
			children = (
				4C4DC3E84F7F53E56F46C8A0 /* Pods_RickAndMorty.framework */,
				E0EA1102EDAD8C0E499E1AB9 /* Pods_RickAndMorty_RickAndMortyUITests.framework */,
				89EFBD7E854FA3AE1B445F75 /* Pods_RickAndMortyTests.framework */,
			);
			name = Frameworks;
			sourceTree = "<group>";
		};
/* End PBXGroup section */

/* Begin PBXNativeTarget section */
		A9E5C264283E0B2300842AF7 /* RickAndMorty */ = {
			isa = PBXNativeTarget;
			buildConfigurationList = A9E5C28F283E0B2D00842AF7 /* Build configuration list for PBXNativeTarget "RickAndMorty" */;
			buildPhases = (
				8C87E3FAF67B2D29622843B9 /* [CP] Check Pods Manifest.lock */,
				A9E5C261283E0B2300842AF7 /* Sources */,
				A9E5C298283E186F00842AF7 /* ShellScript */,
				A9E5C262283E0B2300842AF7 /* Frameworks */,
				A9E5C263283E0B2300842AF7 /* Resources */,
				16E84E895DBAA6DA5B8DCBFD /* [CP] Embed Pods Frameworks */,
			);
			buildRules = (
			);
			dependencies = (
			);
			name = RickAndMorty;
			productName = RickAndMorty;
			productReference = A9E5C265283E0B2300842AF7 /* RickAndMorty.app */;
			productType = "com.apple.product-type.application";
		};
		A9E5C27A283E0B2C00842AF7 /* RickAndMortyTests */ = {
			isa = PBXNativeTarget;
			buildConfigurationList = A9E5C292283E0B2D00842AF7 /* Build configuration list for PBXNativeTarget "RickAndMortyTests" */;
			buildPhases = (
				F5500435F710295B5455398A /* [CP] Check Pods Manifest.lock */,
				A9E5C277283E0B2C00842AF7 /* Sources */,
				A9E5C278283E0B2C00842AF7 /* Frameworks */,
				A9E5C279283E0B2C00842AF7 /* Resources */,
			);
			buildRules = (
			);
			dependencies = (
				A9E5C27D283E0B2C00842AF7 /* PBXTargetDependency */,
			);
			name = RickAndMortyTests;
			productName = RickAndMortyTests;
			productReference = A9E5C27B283E0B2C00842AF7 /* RickAndMortyTests.xctest */;
			productType = "com.apple.product-type.bundle.unit-test";
		};
		A9E5C284283E0B2D00842AF7 /* RickAndMortyUITests */ = {
			isa = PBXNativeTarget;
			buildConfigurationList = A9E5C295283E0B2D00842AF7 /* Build configuration list for PBXNativeTarget "RickAndMortyUITests" */;
			buildPhases = (
				62F1F7EA0EF2B6DDC30BFA0C /* [CP] Check Pods Manifest.lock */,
				A9E5C281283E0B2D00842AF7 /* Sources */,
				A9E5C282283E0B2D00842AF7 /* Frameworks */,
				A9E5C283283E0B2D00842AF7 /* Resources */,
				5A77C1B5C88B1D0CF8750C7B /* [CP] Embed Pods Frameworks */,
			);
			buildRules = (
			);
			dependencies = (
				A9E5C287283E0B2D00842AF7 /* PBXTargetDependency */,
			);
			name = RickAndMortyUITests;
			productName = RickAndMortyUITests;
			productReference = A9E5C285283E0B2D00842AF7 /* RickAndMortyUITests.xctest */;
			productType = "com.apple.product-type.bundle.ui-testing";
		};
/* End PBXNativeTarget section */

/* Begin PBXProject section */
		A9E5C25D283E0B2300842AF7 /* Project object */ = {
			isa = PBXProject;
			attributes = {
				BuildIndependentTargetsInParallel = 1;
				LastSwiftUpdateCheck = 1330;
				LastUpgradeCheck = 1330;
				TargetAttributes = {
					A9E5C264283E0B2300842AF7 = {
						CreatedOnToolsVersion = 13.3.1;
					};
					A9E5C27A283E0B2C00842AF7 = {
						CreatedOnToolsVersion = 13.3.1;
						TestTargetID = A9E5C264283E0B2300842AF7;
					};
					A9E5C284283E0B2D00842AF7 = {
						CreatedOnToolsVersion = 13.3.1;
						TestTargetID = A9E5C264283E0B2300842AF7;
					};
				};
			};
			buildConfigurationList = A9E5C260283E0B2300842AF7 /* Build configuration list for PBXProject "RickAndMorty" */;
			compatibilityVersion = "Xcode 13.0";
			developmentRegion = en;
			hasScannedForEncodings = 0;
			knownRegions = (
				en,
				Base,
			);
			mainGroup = A9E5C25C283E0B2300842AF7;
			productRefGroup = A9E5C266283E0B2300842AF7 /* Products */;
			projectDirPath = "";
			projectRoot = "";
			targets = (
				A9E5C264283E0B2300842AF7 /* RickAndMorty */,
				A9E5C27A283E0B2C00842AF7 /* RickAndMortyTests */,
				A9E5C284283E0B2D00842AF7 /* RickAndMortyUITests */,
			);
		};
/* End PBXProject section */

/* Begin PBXResourcesBuildPhase section */
		A9E5C263283E0B2300842AF7 /* Resources */ = {
			isa = PBXResourcesBuildPhase;
			buildActionMask = 2147483647;
			files = (
				A91E62442844B15D00638DC8 /* MenuViewController.storyboard in Resources */,
				A9E5C275283E0B2C00842AF7 /* LaunchScreen.storyboard in Resources */,
				A90C4991284263EC001E004F /* LocationCell.xib in Resources */,
				A91E62482844D9A600638DC8 /* font.ttf in Resources */,
				A91E62542844EEE800638DC8 /* EntityListViewController.storyboard in Resources */,
				A9E5C272283E0B2C00842AF7 /* Assets.xcassets in Resources */,
				A90C498D284263A9001E004F /* CharacterCell.xib in Resources */,
				A90C4963283F9C35001E004F /* TabBarItemView.xib in Resources */,
				A90C498F284263D3001E004F /* EpisodeCell.xib in Resources */,
			);
			runOnlyForDeploymentPostprocessing = 0;
		};
		A9E5C279283E0B2C00842AF7 /* Resources */ = {
			isa = PBXResourcesBuildPhase;
			buildActionMask = 2147483647;
			files = (
			);
			runOnlyForDeploymentPostprocessing = 0;
		};
		A9E5C283283E0B2D00842AF7 /* Resources */ = {
			isa = PBXResourcesBuildPhase;
			buildActionMask = 2147483647;
			files = (
			);
			runOnlyForDeploymentPostprocessing = 0;
		};
/* End PBXResourcesBuildPhase section */

/* Begin PBXShellScriptBuildPhase section */
		16E84E895DBAA6DA5B8DCBFD /* [CP] Embed Pods Frameworks */ = {
			isa = PBXShellScriptBuildPhase;
			buildActionMask = 2147483647;
			files = (
			);
			inputFileListPaths = (
				"${PODS_ROOT}/Target Support Files/Pods-RickAndMorty/Pods-RickAndMorty-frameworks-${CONFIGURATION}-input-files.xcfilelist",
			);
			name = "[CP] Embed Pods Frameworks";
			outputFileListPaths = (
				"${PODS_ROOT}/Target Support Files/Pods-RickAndMorty/Pods-RickAndMorty-frameworks-${CONFIGURATION}-output-files.xcfilelist",
			);
			runOnlyForDeploymentPostprocessing = 0;
			shellPath = /bin/sh;
			shellScript = "\"${PODS_ROOT}/Target Support Files/Pods-RickAndMorty/Pods-RickAndMorty-frameworks.sh\"\n";
			showEnvVarsInLog = 0;
		};
		5A77C1B5C88B1D0CF8750C7B /* [CP] Embed Pods Frameworks */ = {
			isa = PBXShellScriptBuildPhase;
			buildActionMask = 2147483647;
			files = (
			);
			inputFileListPaths = (
				"${PODS_ROOT}/Target Support Files/Pods-RickAndMorty-RickAndMortyUITests/Pods-RickAndMorty-RickAndMortyUITests-frameworks-${CONFIGURATION}-input-files.xcfilelist",
			);
			name = "[CP] Embed Pods Frameworks";
			outputFileListPaths = (
				"${PODS_ROOT}/Target Support Files/Pods-RickAndMorty-RickAndMortyUITests/Pods-RickAndMorty-RickAndMortyUITests-frameworks-${CONFIGURATION}-output-files.xcfilelist",
			);
			runOnlyForDeploymentPostprocessing = 0;
			shellPath = /bin/sh;
			shellScript = "\"${PODS_ROOT}/Target Support Files/Pods-RickAndMorty-RickAndMortyUITests/Pods-RickAndMorty-RickAndMortyUITests-frameworks.sh\"\n";
			showEnvVarsInLog = 0;
		};
		62F1F7EA0EF2B6DDC30BFA0C /* [CP] Check Pods Manifest.lock */ = {
			isa = PBXShellScriptBuildPhase;
			buildActionMask = 2147483647;
			files = (
			);
			inputFileListPaths = (
			);
			inputPaths = (
				"${PODS_PODFILE_DIR_PATH}/Podfile.lock",
				"${PODS_ROOT}/Manifest.lock",
			);
			name = "[CP] Check Pods Manifest.lock";
			outputFileListPaths = (
			);
			outputPaths = (
				"$(DERIVED_FILE_DIR)/Pods-RickAndMorty-RickAndMortyUITests-checkManifestLockResult.txt",
			);
			runOnlyForDeploymentPostprocessing = 0;
			shellPath = /bin/sh;
			shellScript = "diff \"${PODS_PODFILE_DIR_PATH}/Podfile.lock\" \"${PODS_ROOT}/Manifest.lock\" > /dev/null\nif [ $? != 0 ] ; then\n    # print error to STDERR\n    echo \"error: The sandbox is not in sync with the Podfile.lock. Run 'pod install' or update your CocoaPods installation.\" >&2\n    exit 1\nfi\n# This output is used by Xcode 'outputs' to avoid re-running this script phase.\necho \"SUCCESS\" > \"${SCRIPT_OUTPUT_FILE_0}\"\n";
			showEnvVarsInLog = 0;
		};
		8C87E3FAF67B2D29622843B9 /* [CP] Check Pods Manifest.lock */ = {
			isa = PBXShellScriptBuildPhase;
			buildActionMask = 2147483647;
			files = (
			);
			inputFileListPaths = (
			);
			inputPaths = (
				"${PODS_PODFILE_DIR_PATH}/Podfile.lock",
				"${PODS_ROOT}/Manifest.lock",
			);
			name = "[CP] Check Pods Manifest.lock";
			outputFileListPaths = (
			);
			outputPaths = (
				"$(DERIVED_FILE_DIR)/Pods-RickAndMorty-checkManifestLockResult.txt",
			);
			runOnlyForDeploymentPostprocessing = 0;
			shellPath = /bin/sh;
			shellScript = "diff \"${PODS_PODFILE_DIR_PATH}/Podfile.lock\" \"${PODS_ROOT}/Manifest.lock\" > /dev/null\nif [ $? != 0 ] ; then\n    # print error to STDERR\n    echo \"error: The sandbox is not in sync with the Podfile.lock. Run 'pod install' or update your CocoaPods installation.\" >&2\n    exit 1\nfi\n# This output is used by Xcode 'outputs' to avoid re-running this script phase.\necho \"SUCCESS\" > \"${SCRIPT_OUTPUT_FILE_0}\"\n";
			showEnvVarsInLog = 0;
		};
		A9E5C298283E186F00842AF7 /* ShellScript */ = {
			isa = PBXShellScriptBuildPhase;
			buildActionMask = 2147483647;
			files = (
			);
			inputFileListPaths = (
			);
			inputPaths = (
			);
			outputFileListPaths = (
			);
			outputPaths = (
			);
			runOnlyForDeploymentPostprocessing = 0;
			shellPath = /bin/sh;
			shellScript = "\"${PODS_ROOT}/SwiftLint/swiftlint\"\n";
		};
		F5500435F710295B5455398A /* [CP] Check Pods Manifest.lock */ = {
			isa = PBXShellScriptBuildPhase;
			buildActionMask = 2147483647;
			files = (
			);
			inputFileListPaths = (
			);
			inputPaths = (
				"${PODS_PODFILE_DIR_PATH}/Podfile.lock",
				"${PODS_ROOT}/Manifest.lock",
			);
			name = "[CP] Check Pods Manifest.lock";
			outputFileListPaths = (
			);
			outputPaths = (
				"$(DERIVED_FILE_DIR)/Pods-RickAndMortyTests-checkManifestLockResult.txt",
			);
			runOnlyForDeploymentPostprocessing = 0;
			shellPath = /bin/sh;
			shellScript = "diff \"${PODS_PODFILE_DIR_PATH}/Podfile.lock\" \"${PODS_ROOT}/Manifest.lock\" > /dev/null\nif [ $? != 0 ] ; then\n    # print error to STDERR\n    echo \"error: The sandbox is not in sync with the Podfile.lock. Run 'pod install' or update your CocoaPods installation.\" >&2\n    exit 1\nfi\n# This output is used by Xcode 'outputs' to avoid re-running this script phase.\necho \"SUCCESS\" > \"${SCRIPT_OUTPUT_FILE_0}\"\n";
			showEnvVarsInLog = 0;
		};
/* End PBXShellScriptBuildPhase section */

/* Begin PBXSourcesBuildPhase section */
		A9E5C261283E0B2300842AF7 /* Sources */ = {
			isa = PBXSourcesBuildPhase;
			buildActionMask = 2147483647;
			files = (
				A9E5C2A6283E601000842AF7 /* DIContainer.swift in Sources */,
				A90C498728426338001E004F /* CharacterCell.swift in Sources */,
				A90C4961283F8F04001E004F /* TabBarController.swift in Sources */,
				A90C49692840C186001E004F /* TabBarItemState.swift in Sources */,
				A9E5C2A3283E5AE600842AF7 /* AppCoordinator.swift in Sources */,
				A9E5C2A0283E4D8100842AF7 /* BaseCoordinator.swift in Sources */,
				A90C498928426349001E004F /* LocationCell.swift in Sources */,
				A90C497528411A75001E004F /* ResponseInfo.swift in Sources */,
				A94793EC283E73C70093DB35 /* MenuViewModel.swift in Sources */,
				A9E5C29E283E4CC200842AF7 /* Coordinator.swift in Sources */,
				A90C4965283F9FF4001E004F /* TabBarItemView.swift in Sources */,
				A91E624B2844E8A300638DC8 /* UIColor+Extensions.swift in Sources */,
				A9E5C26D283E0B2300842AF7 /* MenuViewController.swift in Sources */,
				A90C496F28411565001E004F /* Character.swift in Sources */,
				A94793E7283E6CFB0093DB35 /* AppAssembly.swift in Sources */,
				A9E5C269283E0B2300842AF7 /* AppDelegate.swift in Sources */,
				A90C497F28413A11001E004F /* EpisodeRequestSettings.swift in Sources */,
				A94793EE283E741F0093DB35 /* MenuAssembly.swift in Sources */,
				A90C498B28426366001E004F /* EpisodeCell.swift in Sources */,
				A90C497328411889001E004F /* Episode.swift in Sources */,
				A90C497928412705001E004F /* RickAndMortyAPI.swift in Sources */,
				A90C49812842408D001E004F /* RequestSettings.swift in Sources */,
				A91E62512844EEC000638DC8 /* EntityListViewController.swift in Sources */,
				A90C4993284267B3001E004F /* LifeStatusIndicator.swift in Sources */,
				A90C495F283F8972001E004F /* TabBarItemContent.swift in Sources */,
				A90C497B284138F3001E004F /* CharacterRequestSettings.swift in Sources */,
				A90C49712841165D001E004F /* Location.swift in Sources */,
				A94793EA283E738E0093DB35 /* MenuCoordinator.swift in Sources */,
				A90C497728411AF7001E004F /* Response.swift in Sources */,
				A91E62682844F9A500638DC8 /* EntityListCoordinator.swift in Sources */,
				A90C497D284139AE001E004F /* LocationRequestSettings.swift in Sources */,
				A91E62562844EF1900638DC8 /* EntityListViewModel.swift in Sources */,
				A90C4984284253BD001E004F /* RickAndMortyService.swift in Sources */,
				A9E5C26B283E0B2300842AF7 /* SceneDelegate.swift in Sources */,
				A94793F1283E78F80093DB35 /* Storyboarded.swift in Sources */,
			);
			runOnlyForDeploymentPostprocessing = 0;
		};
		A9E5C277283E0B2C00842AF7 /* Sources */ = {
			isa = PBXSourcesBuildPhase;
			buildActionMask = 2147483647;
			files = (
				A9E5C280283E0B2D00842AF7 /* RickAndMortyTests.swift in Sources */,
			);
			runOnlyForDeploymentPostprocessing = 0;
		};
		A9E5C281283E0B2D00842AF7 /* Sources */ = {
			isa = PBXSourcesBuildPhase;
			buildActionMask = 2147483647;
			files = (
				A9E5C28A283E0B2D00842AF7 /* RickAndMortyUITests.swift in Sources */,
				A9E5C28C283E0B2D00842AF7 /* RickAndMortyUITestsLaunchTests.swift in Sources */,
			);
			runOnlyForDeploymentPostprocessing = 0;
		};
/* End PBXSourcesBuildPhase section */

/* Begin PBXTargetDependency section */
		A9E5C27D283E0B2C00842AF7 /* PBXTargetDependency */ = {
			isa = PBXTargetDependency;
			target = A9E5C264283E0B2300842AF7 /* RickAndMorty */;
			targetProxy = A9E5C27C283E0B2C00842AF7 /* PBXContainerItemProxy */;
		};
		A9E5C287283E0B2D00842AF7 /* PBXTargetDependency */ = {
			isa = PBXTargetDependency;
			target = A9E5C264283E0B2300842AF7 /* RickAndMorty */;
			targetProxy = A9E5C286283E0B2D00842AF7 /* PBXContainerItemProxy */;
		};
/* End PBXTargetDependency section */

/* Begin PBXVariantGroup section */
		A9E5C273283E0B2C00842AF7 /* LaunchScreen.storyboard */ = {
			isa = PBXVariantGroup;
			children = (
				A9E5C274283E0B2C00842AF7 /* Base */,
			);
			name = LaunchScreen.storyboard;
			sourceTree = "<group>";
		};
/* End PBXVariantGroup section */

/* Begin XCBuildConfiguration section */
		A9E5C28D283E0B2D00842AF7 /* Debug */ = {
			isa = XCBuildConfiguration;
			buildSettings = {
				ALWAYS_SEARCH_USER_PATHS = NO;
				CLANG_ANALYZER_NONNULL = YES;
				CLANG_ANALYZER_NUMBER_OBJECT_CONVERSION = YES_AGGRESSIVE;
				CLANG_CXX_LANGUAGE_STANDARD = "gnu++17";
				CLANG_ENABLE_MODULES = YES;
				CLANG_ENABLE_OBJC_ARC = YES;
				CLANG_ENABLE_OBJC_WEAK = YES;
				CLANG_WARN_BLOCK_CAPTURE_AUTORELEASING = YES;
				CLANG_WARN_BOOL_CONVERSION = YES;
				CLANG_WARN_COMMA = YES;
				CLANG_WARN_CONSTANT_CONVERSION = YES;
				CLANG_WARN_DEPRECATED_OBJC_IMPLEMENTATIONS = YES;
				CLANG_WARN_DIRECT_OBJC_ISA_USAGE = YES_ERROR;
				CLANG_WARN_DOCUMENTATION_COMMENTS = YES;
				CLANG_WARN_EMPTY_BODY = YES;
				CLANG_WARN_ENUM_CONVERSION = YES;
				CLANG_WARN_INFINITE_RECURSION = YES;
				CLANG_WARN_INT_CONVERSION = YES;
				CLANG_WARN_NON_LITERAL_NULL_CONVERSION = YES;
				CLANG_WARN_OBJC_IMPLICIT_RETAIN_SELF = YES;
				CLANG_WARN_OBJC_LITERAL_CONVERSION = YES;
				CLANG_WARN_OBJC_ROOT_CLASS = YES_ERROR;
				CLANG_WARN_QUOTED_INCLUDE_IN_FRAMEWORK_HEADER = YES;
				CLANG_WARN_RANGE_LOOP_ANALYSIS = YES;
				CLANG_WARN_STRICT_PROTOTYPES = YES;
				CLANG_WARN_SUSPICIOUS_MOVE = YES;
				CLANG_WARN_UNGUARDED_AVAILABILITY = YES_AGGRESSIVE;
				CLANG_WARN_UNREACHABLE_CODE = YES;
				CLANG_WARN__DUPLICATE_METHOD_MATCH = YES;
				COPY_PHASE_STRIP = NO;
				DEBUG_INFORMATION_FORMAT = dwarf;
				ENABLE_STRICT_OBJC_MSGSEND = YES;
				ENABLE_TESTABILITY = YES;
				GCC_C_LANGUAGE_STANDARD = gnu11;
				GCC_DYNAMIC_NO_PIC = NO;
				GCC_NO_COMMON_BLOCKS = YES;
				GCC_OPTIMIZATION_LEVEL = 0;
				GCC_PREPROCESSOR_DEFINITIONS = (
					"DEBUG=1",
					"$(inherited)",
				);
				GCC_WARN_64_TO_32_BIT_CONVERSION = YES;
				GCC_WARN_ABOUT_RETURN_TYPE = YES_ERROR;
				GCC_WARN_UNDECLARED_SELECTOR = YES;
				GCC_WARN_UNINITIALIZED_AUTOS = YES_AGGRESSIVE;
				GCC_WARN_UNUSED_FUNCTION = YES;
				GCC_WARN_UNUSED_VARIABLE = YES;
				INFOPLIST_FILE = "";
				IPHONEOS_DEPLOYMENT_TARGET = 13.0;
				MTL_ENABLE_DEBUG_INFO = INCLUDE_SOURCE;
				MTL_FAST_MATH = YES;
				ONLY_ACTIVE_ARCH = YES;
				SDKROOT = iphoneos;
				SWIFT_ACTIVE_COMPILATION_CONDITIONS = DEBUG;
				SWIFT_OPTIMIZATION_LEVEL = "-Onone";
			};
			name = Debug;
		};
		A9E5C28E283E0B2D00842AF7 /* Release */ = {
			isa = XCBuildConfiguration;
			buildSettings = {
				ALWAYS_SEARCH_USER_PATHS = NO;
				CLANG_ANALYZER_NONNULL = YES;
				CLANG_ANALYZER_NUMBER_OBJECT_CONVERSION = YES_AGGRESSIVE;
				CLANG_CXX_LANGUAGE_STANDARD = "gnu++17";
				CLANG_ENABLE_MODULES = YES;
				CLANG_ENABLE_OBJC_ARC = YES;
				CLANG_ENABLE_OBJC_WEAK = YES;
				CLANG_WARN_BLOCK_CAPTURE_AUTORELEASING = YES;
				CLANG_WARN_BOOL_CONVERSION = YES;
				CLANG_WARN_COMMA = YES;
				CLANG_WARN_CONSTANT_CONVERSION = YES;
				CLANG_WARN_DEPRECATED_OBJC_IMPLEMENTATIONS = YES;
				CLANG_WARN_DIRECT_OBJC_ISA_USAGE = YES_ERROR;
				CLANG_WARN_DOCUMENTATION_COMMENTS = YES;
				CLANG_WARN_EMPTY_BODY = YES;
				CLANG_WARN_ENUM_CONVERSION = YES;
				CLANG_WARN_INFINITE_RECURSION = YES;
				CLANG_WARN_INT_CONVERSION = YES;
				CLANG_WARN_NON_LITERAL_NULL_CONVERSION = YES;
				CLANG_WARN_OBJC_IMPLICIT_RETAIN_SELF = YES;
				CLANG_WARN_OBJC_LITERAL_CONVERSION = YES;
				CLANG_WARN_OBJC_ROOT_CLASS = YES_ERROR;
				CLANG_WARN_QUOTED_INCLUDE_IN_FRAMEWORK_HEADER = YES;
				CLANG_WARN_RANGE_LOOP_ANALYSIS = YES;
				CLANG_WARN_STRICT_PROTOTYPES = YES;
				CLANG_WARN_SUSPICIOUS_MOVE = YES;
				CLANG_WARN_UNGUARDED_AVAILABILITY = YES_AGGRESSIVE;
				CLANG_WARN_UNREACHABLE_CODE = YES;
				CLANG_WARN__DUPLICATE_METHOD_MATCH = YES;
				COPY_PHASE_STRIP = NO;
				DEBUG_INFORMATION_FORMAT = "dwarf-with-dsym";
				ENABLE_NS_ASSERTIONS = NO;
				ENABLE_STRICT_OBJC_MSGSEND = YES;
				GCC_C_LANGUAGE_STANDARD = gnu11;
				GCC_NO_COMMON_BLOCKS = YES;
				GCC_WARN_64_TO_32_BIT_CONVERSION = YES;
				GCC_WARN_ABOUT_RETURN_TYPE = YES_ERROR;
				GCC_WARN_UNDECLARED_SELECTOR = YES;
				GCC_WARN_UNINITIALIZED_AUTOS = YES_AGGRESSIVE;
				GCC_WARN_UNUSED_FUNCTION = YES;
				GCC_WARN_UNUSED_VARIABLE = YES;
				INFOPLIST_FILE = "";
				IPHONEOS_DEPLOYMENT_TARGET = 13.0;
				MTL_ENABLE_DEBUG_INFO = NO;
				MTL_FAST_MATH = YES;
				SDKROOT = iphoneos;
				SWIFT_COMPILATION_MODE = wholemodule;
				SWIFT_OPTIMIZATION_LEVEL = "-O";
				VALIDATE_PRODUCT = YES;
			};
			name = Release;
		};
		A9E5C290283E0B2D00842AF7 /* Debug */ = {
			isa = XCBuildConfiguration;
			baseConfigurationReference = 64F9054D04125AEB57AA3294 /* Pods-RickAndMorty.debug.xcconfig */;
			buildSettings = {
				ASSETCATALOG_COMPILER_APPICON_NAME = AppIcon;
				ASSETCATALOG_COMPILER_GLOBAL_ACCENT_COLOR_NAME = AccentColor;
				CODE_SIGN_STYLE = Automatic;
				CURRENT_PROJECT_VERSION = 1;
				DEVELOPMENT_TEAM = Y743CZ57S7;
				GENERATE_INFOPLIST_FILE = YES;
				INFOPLIST_FILE = RickAndMorty/App/Info.plist;
				INFOPLIST_KEY_UIApplicationSupportsIndirectInputEvents = YES;
				INFOPLIST_KEY_UILaunchStoryboardName = LaunchScreen;
				INFOPLIST_KEY_UISupportedInterfaceOrientations_iPad = "UIInterfaceOrientationPortrait UIInterfaceOrientationPortraitUpsideDown UIInterfaceOrientationLandscapeLeft UIInterfaceOrientationLandscapeRight";
				INFOPLIST_KEY_UISupportedInterfaceOrientations_iPhone = "UIInterfaceOrientationPortrait UIInterfaceOrientationLandscapeLeft UIInterfaceOrientationLandscapeRight";
				LD_RUNPATH_SEARCH_PATHS = (
					"$(inherited)",
					"@executable_path/Frameworks",
				);
				MARKETING_VERSION = 1.0;
				PRODUCT_BUNDLE_IDENTIFIER = com.yauheni.fiadotau.RickAndMorty;
				PRODUCT_NAME = "$(TARGET_NAME)";
				SWIFT_EMIT_LOC_STRINGS = YES;
				SWIFT_VERSION = 5.0;
				TARGETED_DEVICE_FAMILY = "1,2";
			};
			name = Debug;
		};
		A9E5C291283E0B2D00842AF7 /* Release */ = {
			isa = XCBuildConfiguration;
			baseConfigurationReference = B1943AA7A0645F0BD351F1FE /* Pods-RickAndMorty.release.xcconfig */;
			buildSettings = {
				ASSETCATALOG_COMPILER_APPICON_NAME = AppIcon;
				ASSETCATALOG_COMPILER_GLOBAL_ACCENT_COLOR_NAME = AccentColor;
				CODE_SIGN_STYLE = Automatic;
				CURRENT_PROJECT_VERSION = 1;
				DEVELOPMENT_TEAM = Y743CZ57S7;
				GENERATE_INFOPLIST_FILE = YES;
				INFOPLIST_FILE = RickAndMorty/App/Info.plist;
				INFOPLIST_KEY_UIApplicationSupportsIndirectInputEvents = YES;
				INFOPLIST_KEY_UILaunchStoryboardName = LaunchScreen;
				INFOPLIST_KEY_UISupportedInterfaceOrientations_iPad = "UIInterfaceOrientationPortrait UIInterfaceOrientationPortraitUpsideDown UIInterfaceOrientationLandscapeLeft UIInterfaceOrientationLandscapeRight";
				INFOPLIST_KEY_UISupportedInterfaceOrientations_iPhone = "UIInterfaceOrientationPortrait UIInterfaceOrientationLandscapeLeft UIInterfaceOrientationLandscapeRight";
				LD_RUNPATH_SEARCH_PATHS = (
					"$(inherited)",
					"@executable_path/Frameworks",
				);
				MARKETING_VERSION = 1.0;
				PRODUCT_BUNDLE_IDENTIFIER = com.yauheni.fiadotau.RickAndMorty;
				PRODUCT_NAME = "$(TARGET_NAME)";
				SWIFT_EMIT_LOC_STRINGS = YES;
				SWIFT_VERSION = 5.0;
				TARGETED_DEVICE_FAMILY = "1,2";
			};
			name = Release;
		};
		A9E5C293283E0B2D00842AF7 /* Debug */ = {
			isa = XCBuildConfiguration;
			baseConfigurationReference = 1747EB8FF415F9EA3C6EA08F /* Pods-RickAndMortyTests.debug.xcconfig */;
			buildSettings = {
				ALWAYS_EMBED_SWIFT_STANDARD_LIBRARIES = YES;
				BUNDLE_LOADER = "$(TEST_HOST)";
				CODE_SIGN_STYLE = Automatic;
				CURRENT_PROJECT_VERSION = 1;
				DEVELOPMENT_TEAM = Y743CZ57S7;
				GENERATE_INFOPLIST_FILE = YES;
				IPHONEOS_DEPLOYMENT_TARGET = 15.4;
				MARKETING_VERSION = 1.0;
				PRODUCT_BUNDLE_IDENTIFIER = com.yauheni.fiadotau.RickAndMortyTests;
				PRODUCT_NAME = "$(TARGET_NAME)";
				SWIFT_EMIT_LOC_STRINGS = NO;
				SWIFT_VERSION = 5.0;
				TARGETED_DEVICE_FAMILY = "1,2";
				TEST_HOST = "$(BUILT_PRODUCTS_DIR)/RickAndMorty.app/RickAndMorty";
			};
			name = Debug;
		};
		A9E5C294283E0B2D00842AF7 /* Release */ = {
			isa = XCBuildConfiguration;
			baseConfigurationReference = 3C633BB2DD9ED6B4BCE3D49F /* Pods-RickAndMortyTests.release.xcconfig */;
			buildSettings = {
				ALWAYS_EMBED_SWIFT_STANDARD_LIBRARIES = YES;
				BUNDLE_LOADER = "$(TEST_HOST)";
				CODE_SIGN_STYLE = Automatic;
				CURRENT_PROJECT_VERSION = 1;
				DEVELOPMENT_TEAM = Y743CZ57S7;
				GENERATE_INFOPLIST_FILE = YES;
				IPHONEOS_DEPLOYMENT_TARGET = 15.4;
				MARKETING_VERSION = 1.0;
				PRODUCT_BUNDLE_IDENTIFIER = com.yauheni.fiadotau.RickAndMortyTests;
				PRODUCT_NAME = "$(TARGET_NAME)";
				SWIFT_EMIT_LOC_STRINGS = NO;
				SWIFT_VERSION = 5.0;
				TARGETED_DEVICE_FAMILY = "1,2";
				TEST_HOST = "$(BUILT_PRODUCTS_DIR)/RickAndMorty.app/RickAndMorty";
			};
			name = Release;
		};
		A9E5C296283E0B2D00842AF7 /* Debug */ = {
			isa = XCBuildConfiguration;
			baseConfigurationReference = 7B0B490B7F3C755F2834A549 /* Pods-RickAndMorty-RickAndMortyUITests.debug.xcconfig */;
			buildSettings = {
				ALWAYS_EMBED_SWIFT_STANDARD_LIBRARIES = YES;
				CODE_SIGN_STYLE = Automatic;
				CURRENT_PROJECT_VERSION = 1;
				DEVELOPMENT_TEAM = Y743CZ57S7;
				GENERATE_INFOPLIST_FILE = YES;
				MARKETING_VERSION = 1.0;
				PRODUCT_BUNDLE_IDENTIFIER = com.yauheni.fiadotau.RickAndMortyUITests;
				PRODUCT_NAME = "$(TARGET_NAME)";
				SWIFT_EMIT_LOC_STRINGS = NO;
				SWIFT_VERSION = 5.0;
				TARGETED_DEVICE_FAMILY = "1,2";
				TEST_TARGET_NAME = RickAndMorty;
			};
			name = Debug;
		};
		A9E5C297283E0B2D00842AF7 /* Release */ = {
			isa = XCBuildConfiguration;
			baseConfigurationReference = E86C82A3FFEF3E9CDF736F07 /* Pods-RickAndMorty-RickAndMortyUITests.release.xcconfig */;
			buildSettings = {
				ALWAYS_EMBED_SWIFT_STANDARD_LIBRARIES = YES;
				CODE_SIGN_STYLE = Automatic;
				CURRENT_PROJECT_VERSION = 1;
				DEVELOPMENT_TEAM = Y743CZ57S7;
				GENERATE_INFOPLIST_FILE = YES;
				MARKETING_VERSION = 1.0;
				PRODUCT_BUNDLE_IDENTIFIER = com.yauheni.fiadotau.RickAndMortyUITests;
				PRODUCT_NAME = "$(TARGET_NAME)";
				SWIFT_EMIT_LOC_STRINGS = NO;
				SWIFT_VERSION = 5.0;
				TARGETED_DEVICE_FAMILY = "1,2";
				TEST_TARGET_NAME = RickAndMorty;
			};
			name = Release;
		};
/* End XCBuildConfiguration section */

/* Begin XCConfigurationList section */
		A9E5C260283E0B2300842AF7 /* Build configuration list for PBXProject "RickAndMorty" */ = {
			isa = XCConfigurationList;
			buildConfigurations = (
				A9E5C28D283E0B2D00842AF7 /* Debug */,
				A9E5C28E283E0B2D00842AF7 /* Release */,
			);
			defaultConfigurationIsVisible = 0;
			defaultConfigurationName = Release;
		};
		A9E5C28F283E0B2D00842AF7 /* Build configuration list for PBXNativeTarget "RickAndMorty" */ = {
			isa = XCConfigurationList;
			buildConfigurations = (
				A9E5C290283E0B2D00842AF7 /* Debug */,
				A9E5C291283E0B2D00842AF7 /* Release */,
			);
			defaultConfigurationIsVisible = 0;
			defaultConfigurationName = Release;
		};
		A9E5C292283E0B2D00842AF7 /* Build configuration list for PBXNativeTarget "RickAndMortyTests" */ = {
			isa = XCConfigurationList;
			buildConfigurations = (
				A9E5C293283E0B2D00842AF7 /* Debug */,
				A9E5C294283E0B2D00842AF7 /* Release */,
			);
			defaultConfigurationIsVisible = 0;
			defaultConfigurationName = Release;
		};
		A9E5C295283E0B2D00842AF7 /* Build configuration list for PBXNativeTarget "RickAndMortyUITests" */ = {
			isa = XCConfigurationList;
			buildConfigurations = (
				A9E5C296283E0B2D00842AF7 /* Debug */,
				A9E5C297283E0B2D00842AF7 /* Release */,
			);
			defaultConfigurationIsVisible = 0;
			defaultConfigurationName = Release;
		};
/* End XCConfigurationList section */
	};
	rootObject = A9E5C25D283E0B2300842AF7 /* Project object */;
}
